
Microsoft Visual Studio Solution File, Format Version 12.00
# Visual Studio Version 16
VisualStudioVersion = 16.0.30002.166
MinimumVisualStudioVersion = 10.0.40219.1
Project("{FAE04EC0-301F-11D3-BF4B-00C04F79EFBC}") = "MainWindow_3", "MainWindow_3\MainWindow_3.csproj", "{15DF6446-875B-4896-8F17-DB1B70E622A1}"
EndProject
Global
	GlobalSection(SolutionConfigurationPlatforms) = preSolution
		Debug|Any CPU = Debug|Any CPU
		Release|Any CPU = Release|Any CPU
	EndGlobalSection
	GlobalSection(ProjectConfigurationPlatforms) = postSolution
		{15DF6446-875B-4896-8F17-DB1B70E622A1}.Debug|Any CPU.ActiveCfg = Debug|Any CPU
		{15DF6446-875B-4896-8F17-DB1B70E622A1}.Debug|Any CPU.Build.0 = Debug|Any CPU
		{15DF6446-875B-4896-8F17-DB1B70E622A1}.Release|Any CPU.ActiveCfg = Release|Any CPU
		{15DF6446-875B-4896-8F17-DB1B70E622A1}.Release|Any CPU.Build.0 = Release|Any CPU
	EndGlobalSection
	GlobalSection(SolutionProperties) = preSolution
		HideSolutionNode = FALSE
	EndGlobalSection
	GlobalSection(ExtensibilityGlobals) = postSolution
		SolutionGuid = {917B23F0-A506-41B8-9F11-416AC0F7A26E}
	EndGlobalSection
EndGlobal
