
Microsoft Visual Studio Solution File, Format Version 12.00
# Visual Studio Version 16
VisualStudioVersion = 16.0.30002.166
MinimumVisualStudioVersion = 10.0.40219.1
Project("{FAE04EC0-301F-11D3-BF4B-00C04F79EFBC}") = "Buttony)", "Buttony)\Buttony).csproj", "{2982BB38-2F83-4831-B553-C3C058617875}"
EndProject
Global
	GlobalSection(SolutionConfigurationPlatforms) = preSolution
		Debug|Any CPU = Debug|Any CPU
		Release|Any CPU = Release|Any CPU
	EndGlobalSection
	GlobalSection(ProjectConfigurationPlatforms) = postSolution
		{2982BB38-2F83-4831-B553-C3C058617875}.Debug|Any CPU.ActiveCfg = Debug|Any CPU
		{2982BB38-2F83-4831-B553-C3C058617875}.Debug|Any CPU.Build.0 = Debug|Any CPU
		{2982BB38-2F83-4831-B553-C3C058617875}.Release|Any CPU.ActiveCfg = Release|Any CPU
		{2982BB38-2F83-4831-B553-C3C058617875}.Release|Any CPU.Build.0 = Release|Any CPU
	EndGlobalSection
	GlobalSection(SolutionProperties) = preSolution
		HideSolutionNode = FALSE
	EndGlobalSection
	GlobalSection(ExtensibilityGlobals) = postSolution
		SolutionGuid = {DE7C96FA-8720-4F54-A809-85DF3FFBD16F}
	EndGlobalSection
EndGlobal
